
Microsoft Visual Studio Solution File, Format Version 12.00
# Visual Studio 15
VisualStudioVersion = 15.0.26730.15
MinimumVisualStudioVersion = 10.0.40219.1
Project("{8BC9CEB8-8B4A-11D0-8D11-00A0C91BC942}") = "haar_like", "haar_like\haar_like.vcxproj", "{72918AC1-62D7-4BAD-92DE-0BFFCB6DAA2E}"
EndProject
Global
	GlobalSection(SolutionConfigurationPlatforms) = preSolution
		Debug|x64 = Debug|x64
		Debug|x86 = Debug|x86
		Release|x64 = Release|x64
		Release|x86 = Release|x86
	EndGlobalSection
	GlobalSection(ProjectConfigurationPlatforms) = postSolution
		{72918AC1-62D7-4BAD-92DE-0BFFCB6DAA2E}.Debug|x64.ActiveCfg = Debug|x64
		{72918AC1-62D7-4BAD-92DE-0BFFCB6DAA2E}.Debug|x64.Build.0 = Debug|x64
		{72918AC1-62D7-4BAD-92DE-0BFFCB6DAA2E}.Debug|x86.ActiveCfg = Debug|x64
		{72918AC1-62D7-4BAD-92DE-0BFFCB6DAA2E}.Debug|x86.Build.0 = Debug|x64
		{72918AC1-62D7-4BAD-92DE-0BFFCB6DAA2E}.Release|x64.ActiveCfg = Release|x64
		{72918AC1-62D7-4BAD-92DE-0BFFCB6DAA2E}.Release|x64.Build.0 = Release|x64
		{72918AC1-62D7-4BAD-92DE-0BFFCB6DAA2E}.Release|x86.ActiveCfg = Release|Win32
		{72918AC1-62D7-4BAD-92DE-0BFFCB6DAA2E}.Release|x86.Build.0 = Release|Win32
	EndGlobalSection
	GlobalSection(SolutionProperties) = preSolution
		HideSolutionNode = FALSE
	EndGlobalSection
	GlobalSection(ExtensibilityGlobals) = postSolution
		SolutionGuid = {2098A92F-3958-40AA-A6BF-1672E4FFF4F9}
	EndGlobalSection
EndGlobal
